
Microsoft Visual Studio Solution File, Format Version 12.00
# Visual Studio Version 17
VisualStudioVersion = 17.9.34622.214
MinimumVisualStudioVersion = 10.0.40219.1
Project("{FAE04EC0-301F-11D3-BF4B-00C04F79EFBC}") = "apiRSCalendar", "apiRSCalendar\apiRSCalendar.csproj", "{C1950918-638F-4716-846B-78C4A2EF926A}"
EndProject
Global
	GlobalSection(SolutionConfigurationPlatforms) = preSolution
		Debug|Any CPU = Debug|Any CPU
		Release|Any CPU = Release|Any CPU
	EndGlobalSection
	GlobalSection(ProjectConfigurationPlatforms) = postSolution
		{C1950918-638F-4716-846B-78C4A2EF926A}.Debug|Any CPU.ActiveCfg = Debug|Any CPU
		{C1950918-638F-4716-846B-78C4A2EF926A}.Debug|Any CPU.Build.0 = Debug|Any CPU
		{C1950918-638F-4716-846B-78C4A2EF926A}.Release|Any CPU.ActiveCfg = Release|Any CPU
		{C1950918-638F-4716-846B-78C4A2EF926A}.Release|Any CPU.Build.0 = Release|Any CPU
	EndGlobalSection
	GlobalSection(SolutionProperties) = preSolution
		HideSolutionNode = FALSE
	EndGlobalSection
	GlobalSection(ExtensibilityGlobals) = postSolution
		SolutionGuid = {69DA8DE7-9AB6-4FE0-AA81-BC947FE68F45}
	EndGlobalSection
EndGlobal
